
Microsoft Visual Studio Solution File, Format Version 12.00
# Visual Studio Version 17
VisualStudioVersion = 17.13.35818.85
MinimumVisualStudioVersion = 10.0.40219.1
Project("{2150E333-8FDC-42A3-9474-1A3956D46DE8}") = "Services", "Services", "{02EA681E-C7D8-13C7-8484-4AC65E1B71E8}"
EndProject
Project("{2150E333-8FDC-42A3-9474-1A3956D46DE8}") = "Catalog", "Catalog", "{4B4399AF-99F8-4A3C-9B4B-C2781D98251F}"
EndProject
Project("{FAE04EC0-301F-11D3-BF4B-00C04F79EFBC}") = "Catalog.API", "Services\Catalog\Catalog.API\Catalog.API.csproj", "{48F55F46-718D-4F5E-9F77-52C92939F331}"
EndProject
Project("{2150E333-8FDC-42A3-9474-1A3956D46DE8}") = "BuildingBlocks", "BuildingBlocks", "{1D10DBAA-D2F0-433A-A1BC-DFBBEFBC143E}"
EndProject
Project("{FAE04EC0-301F-11D3-BF4B-00C04F79EFBC}") = "BuildingBlocks", "BuildingBlocks\BuildingBlocks\BuildingBlocks.csproj", "{889B2EE5-B1E4-4536-87AA-14AF164E017F}"
EndProject
Project("{E53339B2-1760-4266-BCC7-CA923CBCF16C}") = "docker-compose", "docker-compose.dcproj", "{81DDED9D-158B-E303-5F62-77A2896D2A5A}"
EndProject
Project("{2150E333-8FDC-42A3-9474-1A3956D46DE8}") = "ShoppingCart", "ShoppingCart", "{78C1F39F-A910-4E54-A426-9E5DE00BD0DB}"
EndProject
Project("{FAE04EC0-301F-11D3-BF4B-00C04F79EFBC}") = "ShoppingCart.API", "Services\ShoppingCart\ShoppingCart.API\ShoppingCart.API.csproj", "{3F78DBB3-08BF-479E-894F-48DA1B3BB4CB}"
EndProject
Project("{2150E333-8FDC-42A3-9474-1A3956D46DE8}") = "Discount", "Discount", "{75ED71C6-8954-42EF-B860-33E1EFB4789A}"
EndProject
Project("{FAE04EC0-301F-11D3-BF4B-00C04F79EFBC}") = "Discount.Grpc", "Services\Discount\Discount.Grpc\Discount.Grpc.csproj", "{E5979084-9E62-4091-8B6B-E15B2BCA8A6E}"
EndProject
Project("{2150E333-8FDC-42A3-9474-1A3956D46DE8}") = "Ordering", "Ordering", "{D1813987-8DD1-43EA-B0C9-75D1028E1CE7}"
EndProject
Project("{FAE04EC0-301F-11D3-BF4B-00C04F79EFBC}") = "Ordering.API", "Services\Ordering\Ordering.API\Ordering.API.csproj", "{720B7E66-447A-4A37-A78B-086EFD3458B8}"
EndProject
Project("{FAE04EC0-301F-11D3-BF4B-00C04F79EFBC}") = "Ordering.Domain", "Services\Ordering\Ordering.Domain\Ordering.Domain.csproj", "{E073A343-87DA-4731-BC16-A6F03D56AB4F}"
EndProject
Project("{FAE04EC0-301F-11D3-BF4B-00C04F79EFBC}") = "Ordering.Application", "Services\Ordering\Ordering.Application\Ordering.Application.csproj", "{32AB1E67-0E7A-4946-8B1E-E93301623A4C}"
EndProject
Project("{FAE04EC0-301F-11D3-BF4B-00C04F79EFBC}") = "Ordering.Infrastructure", "Services\Ordering\Ordering.Infrastructure\Ordering.Infrastructure.csproj", "{59791C7A-458E-43D4-A0F9-2E37FF36704E}"
EndProject
Project("{FAE04EC0-301F-11D3-BF4B-00C04F79EFBC}") = "BuildingBlocks.Messaging", "BuildingBlocks\BuildingBlocks.Messaging\BuildingBlocks.Messaging.csproj", "{72DC7798-E870-4DEB-B3F1-79DED893A586}"
EndProject
Global
	GlobalSection(SolutionConfigurationPlatforms) = preSolution
		Debug|Any CPU = Debug|Any CPU
		Release|Any CPU = Release|Any CPU
	EndGlobalSection
	GlobalSection(ProjectConfigurationPlatforms) = postSolution
		{48F55F46-718D-4F5E-9F77-52C92939F331}.Debug|Any CPU.ActiveCfg = Debug|Any CPU
		{48F55F46-718D-4F5E-9F77-52C92939F331}.Debug|Any CPU.Build.0 = Debug|Any CPU
		{48F55F46-718D-4F5E-9F77-52C92939F331}.Release|Any CPU.ActiveCfg = Release|Any CPU
		{48F55F46-718D-4F5E-9F77-52C92939F331}.Release|Any CPU.Build.0 = Release|Any CPU
		{889B2EE5-B1E4-4536-87AA-14AF164E017F}.Debug|Any CPU.ActiveCfg = Debug|Any CPU
		{889B2EE5-B1E4-4536-87AA-14AF164E017F}.Debug|Any CPU.Build.0 = Debug|Any CPU
		{889B2EE5-B1E4-4536-87AA-14AF164E017F}.Release|Any CPU.ActiveCfg = Release|Any CPU
		{889B2EE5-B1E4-4536-87AA-14AF164E017F}.Release|Any CPU.Build.0 = Release|Any CPU
		{81DDED9D-158B-E303-5F62-77A2896D2A5A}.Debug|Any CPU.ActiveCfg = Debug|Any CPU
		{81DDED9D-158B-E303-5F62-77A2896D2A5A}.Debug|Any CPU.Build.0 = Debug|Any CPU
		{81DDED9D-158B-E303-5F62-77A2896D2A5A}.Release|Any CPU.ActiveCfg = Release|Any CPU
		{81DDED9D-158B-E303-5F62-77A2896D2A5A}.Release|Any CPU.Build.0 = Release|Any CPU
		{3F78DBB3-08BF-479E-894F-48DA1B3BB4CB}.Debug|Any CPU.ActiveCfg = Debug|Any CPU
		{3F78DBB3-08BF-479E-894F-48DA1B3BB4CB}.Debug|Any CPU.Build.0 = Debug|Any CPU
		{3F78DBB3-08BF-479E-894F-48DA1B3BB4CB}.Release|Any CPU.ActiveCfg = Release|Any CPU
		{3F78DBB3-08BF-479E-894F-48DA1B3BB4CB}.Release|Any CPU.Build.0 = Release|Any CPU
		{E5979084-9E62-4091-8B6B-E15B2BCA8A6E}.Debug|Any CPU.ActiveCfg = Debug|Any CPU
		{E5979084-9E62-4091-8B6B-E15B2BCA8A6E}.Debug|Any CPU.Build.0 = Debug|Any CPU
		{E5979084-9E62-4091-8B6B-E15B2BCA8A6E}.Release|Any CPU.ActiveCfg = Release|Any CPU
		{E5979084-9E62-4091-8B6B-E15B2BCA8A6E}.Release|Any CPU.Build.0 = Release|Any CPU
		{720B7E66-447A-4A37-A78B-086EFD3458B8}.Debug|Any CPU.ActiveCfg = Debug|Any CPU
		{720B7E66-447A-4A37-A78B-086EFD3458B8}.Debug|Any CPU.Build.0 = Debug|Any CPU
		{720B7E66-447A-4A37-A78B-086EFD3458B8}.Release|Any CPU.ActiveCfg = Release|Any CPU
		{720B7E66-447A-4A37-A78B-086EFD3458B8}.Release|Any CPU.Build.0 = Release|Any CPU
		{E073A343-87DA-4731-BC16-A6F03D56AB4F}.Debug|Any CPU.ActiveCfg = Debug|Any CPU
		{E073A343-87DA-4731-BC16-A6F03D56AB4F}.Debug|Any CPU.Build.0 = Debug|Any CPU
		{E073A343-87DA-4731-BC16-A6F03D56AB4F}.Release|Any CPU.ActiveCfg = Release|Any CPU
		{E073A343-87DA-4731-BC16-A6F03D56AB4F}.Release|Any CPU.Build.0 = Release|Any CPU
		{32AB1E67-0E7A-4946-8B1E-E93301623A4C}.Debug|Any CPU.ActiveCfg = Debug|Any CPU
		{32AB1E67-0E7A-4946-8B1E-E93301623A4C}.Debug|Any CPU.Build.0 = Debug|Any CPU
		{32AB1E67-0E7A-4946-8B1E-E93301623A4C}.Release|Any CPU.ActiveCfg = Release|Any CPU
		{32AB1E67-0E7A-4946-8B1E-E93301623A4C}.Release|Any CPU.Build.0 = Release|Any CPU
		{59791C7A-458E-43D4-A0F9-2E37FF36704E}.Debug|Any CPU.ActiveCfg = Debug|Any CPU
		{59791C7A-458E-43D4-A0F9-2E37FF36704E}.Debug|Any CPU.Build.0 = Debug|Any CPU
		{59791C7A-458E-43D4-A0F9-2E37FF36704E}.Release|Any CPU.ActiveCfg = Release|Any CPU
		{59791C7A-458E-43D4-A0F9-2E37FF36704E}.Release|Any CPU.Build.0 = Release|Any CPU
		{72DC7798-E870-4DEB-B3F1-79DED893A586}.Debug|Any CPU.ActiveCfg = Debug|Any CPU
		{72DC7798-E870-4DEB-B3F1-79DED893A586}.Debug|Any CPU.Build.0 = Debug|Any CPU
		{72DC7798-E870-4DEB-B3F1-79DED893A586}.Release|Any CPU.ActiveCfg = Release|Any CPU
		{72DC7798-E870-4DEB-B3F1-79DED893A586}.Release|Any CPU.Build.0 = Release|Any CPU
	EndGlobalSection
	GlobalSection(SolutionProperties) = preSolution
		HideSolutionNode = FALSE
	EndGlobalSection
	GlobalSection(NestedProjects) = preSolution
		{4B4399AF-99F8-4A3C-9B4B-C2781D98251F} = {02EA681E-C7D8-13C7-8484-4AC65E1B71E8}
		{48F55F46-718D-4F5E-9F77-52C92939F331} = {4B4399AF-99F8-4A3C-9B4B-C2781D98251F}
		{889B2EE5-B1E4-4536-87AA-14AF164E017F} = {1D10DBAA-D2F0-433A-A1BC-DFBBEFBC143E}
		{78C1F39F-A910-4E54-A426-9E5DE00BD0DB} = {02EA681E-C7D8-13C7-8484-4AC65E1B71E8}
		{3F78DBB3-08BF-479E-894F-48DA1B3BB4CB} = {78C1F39F-A910-4E54-A426-9E5DE00BD0DB}
		{75ED71C6-8954-42EF-B860-33E1EFB4789A} = {02EA681E-C7D8-13C7-8484-4AC65E1B71E8}
		{E5979084-9E62-4091-8B6B-E15B2BCA8A6E} = {75ED71C6-8954-42EF-B860-33E1EFB4789A}
		{D1813987-8DD1-43EA-B0C9-75D1028E1CE7} = {02EA681E-C7D8-13C7-8484-4AC65E1B71E8}
		{720B7E66-447A-4A37-A78B-086EFD3458B8} = {D1813987-8DD1-43EA-B0C9-75D1028E1CE7}
		{E073A343-87DA-4731-BC16-A6F03D56AB4F} = {D1813987-8DD1-43EA-B0C9-75D1028E1CE7}
		{32AB1E67-0E7A-4946-8B1E-E93301623A4C} = {D1813987-8DD1-43EA-B0C9-75D1028E1CE7}
		{59791C7A-458E-43D4-A0F9-2E37FF36704E} = {D1813987-8DD1-43EA-B0C9-75D1028E1CE7}
		{72DC7798-E870-4DEB-B3F1-79DED893A586} = {1D10DBAA-D2F0-433A-A1BC-DFBBEFBC143E}
	EndGlobalSection
	GlobalSection(ExtensibilityGlobals) = postSolution
		SolutionGuid = {4C137531-EE5D-453E-A0E5-40E3594866A9}
	EndGlobalSection
EndGlobal
